// !$*UTF8*$!
{
	archiveVersion = 1;
	classes = {
	};
	objectVersion = 46;
	objects = {

/* Begin PBXBuildFile section */
		6D733F4A1CBC526F00518B2E /* AppDelegate.swift in Sources */ = {isa = PBXBuildFile; fileRef = 6D733F491CBC526F00518B2E /* AppDelegate.swift */; };
		6D733F4C1CBC526F00518B2E /* MapViewController.swift in Sources */ = {isa = PBXBuildFile; fileRef = 6D733F4B1CBC526F00518B2E /* MapViewController.swift */; };
		6D733F4F1CBC526F00518B2E /* Main.storyboard in Resources */ = {isa = PBXBuildFile; fileRef = 6D733F4D1CBC526F00518B2E /* Main.storyboard */; };
		6D733F511CBC526F00518B2E /* Assets.xcassets in Resources */ = {isa = PBXBuildFile; fileRef = 6D733F501CBC526F00518B2E /* Assets.xcassets */; };
		6D733F541CBC526F00518B2E /* LaunchScreen.storyboard in Resources */ = {isa = PBXBuildFile; fileRef = 6D733F521CBC526F00518B2E /* LaunchScreen.storyboard */; };
		6D733F7A1CBC6F9400518B2E /* MapKit.framework in Frameworks */ = {isa = PBXBuildFile; fileRef = 6D733F791CBC6F9400518B2E /* MapKit.framework */; };
		6D733F7D1CBC751800518B2E /* Model.xcdatamodeld in Sources */ = {isa = PBXBuildFile; fileRef = 6D733F7B1CBC751800518B2E /* Model.xcdatamodeld */; };
		6D733F801CBC845E00518B2E /* Location.swift in Sources */ = {isa = PBXBuildFile; fileRef = 6D733F7F1CBC845E00518B2E /* Location.swift */; };
		6D733F821CBC846A00518B2E /* Picture.swift in Sources */ = {isa = PBXBuildFile; fileRef = 6D733F811CBC846A00518B2E /* Picture.swift */; };
		6D733F841CBC847300518B2E /* Constants.swift in Sources */ = {isa = PBXBuildFile; fileRef = 6D733F831CBC847300518B2E /* Constants.swift */; };
		6D733F861CBC859700518B2E /* CoreDataStackManager.swift in Sources */ = {isa = PBXBuildFile; fileRef = 6D733F851CBC859700518B2E /* CoreDataStackManager.swift */; };
		6D733F881CBC8ACF00518B2E /* Flickr.swift in Sources */ = {isa = PBXBuildFile; fileRef = 6D733F871CBC8ACF00518B2E /* Flickr.swift */; };
/* End PBXBuildFile section */

/* Begin PBXFileReference section */
		6D733F461CBC526F00518B2E /* VirtualTourist.app */ = {isa = PBXFileReference; explicitFileType = wrapper.application; includeInIndex = 0; path = VirtualTourist.app; sourceTree = BUILT_PRODUCTS_DIR; };
		6D733F491CBC526F00518B2E /* AppDelegate.swift */ = {isa = PBXFileReference; lastKnownFileType = sourcecode.swift; path = AppDelegate.swift; sourceTree = "<group>"; };
		6D733F4B1CBC526F00518B2E /* MapViewController.swift */ = {isa = PBXFileReference; lastKnownFileType = sourcecode.swift; path = MapViewController.swift; sourceTree = "<group>"; };
		6D733F4E1CBC526F00518B2E /* Base */ = {isa = PBXFileReference; lastKnownFileType = file.storyboard; name = Base; path = Base.lproj/Main.storyboard; sourceTree = "<group>"; };
		6D733F501CBC526F00518B2E /* Assets.xcassets */ = {isa = PBXFileReference; lastKnownFileType = folder.assetcatalog; path = Assets.xcassets; sourceTree = "<group>"; };
		6D733F531CBC526F00518B2E /* Base */ = {isa = PBXFileReference; lastKnownFileType = file.storyboard; name = Base; path = Base.lproj/LaunchScreen.storyboard; sourceTree = "<group>"; };
		6D733F551CBC526F00518B2E /* Info.plist */ = {isa = PBXFileReference; lastKnownFileType = text.plist.xml; path = Info.plist; sourceTree = "<group>"; };
		6D733F791CBC6F9400518B2E /* MapKit.framework */ = {isa = PBXFileReference; lastKnownFileType = wrapper.framework; name = MapKit.framework; path = System/Library/Frameworks/MapKit.framework; sourceTree = SDKROOT; };
		6D733F7C1CBC751800518B2E /* Model.xcdatamodel */ = {isa = PBXFileReference; lastKnownFileType = wrapper.xcdatamodel; path = Model.xcdatamodel; sourceTree = "<group>"; };
		6D733F7F1CBC845E00518B2E /* Location.swift */ = {isa = PBXFileReference; fileEncoding = 4; lastKnownFileType = sourcecode.swift; path = Location.swift; sourceTree = "<group>"; };
		6D733F811CBC846A00518B2E /* Picture.swift */ = {isa = PBXFileReference; fileEncoding = 4; lastKnownFileType = sourcecode.swift; path = Picture.swift; sourceTree = "<group>"; };
		6D733F831CBC847300518B2E /* Constants.swift */ = {isa = PBXFileReference; fileEncoding = 4; lastKnownFileType = sourcecode.swift; path = Constants.swift; sourceTree = "<group>"; };
		6D733F851CBC859700518B2E /* CoreDataStackManager.swift */ = {isa = PBXFileReference; fileEncoding = 4; lastKnownFileType = sourcecode.swift; path = CoreDataStackManager.swift; sourceTree = "<group>"; };
		6D733F871CBC8ACF00518B2E /* Flickr.swift */ = {isa = PBXFileReference; fileEncoding = 4; lastKnownFileType = sourcecode.swift; path = Flickr.swift; sourceTree = "<group>"; };
/* End PBXFileReference section */

/* Begin PBXFrameworksBuildPhase section */
		6D733F431CBC526F00518B2E /* Frameworks */ = {
			isa = PBXFrameworksBuildPhase;
			buildActionMask = 2147483647;
			files = (
				6D733F7A1CBC6F9400518B2E /* MapKit.framework in Frameworks */,
			);
			runOnlyForDeploymentPostprocessing = 0;
		};
/* End PBXFrameworksBuildPhase section */

/* Begin PBXGroup section */
		6D733F3D1CBC526F00518B2E = {
			isa = PBXGroup;
			children = (
				6D733F791CBC6F9400518B2E /* MapKit.framework */,
				6D733F481CBC526F00518B2E /* VirtualTourist */,
				6D733F471CBC526F00518B2E /* Products */,
			);
			sourceTree = "<group>";
		};
		6D733F471CBC526F00518B2E /* Products */ = {
			isa = PBXGroup;
			children = (
				6D733F461CBC526F00518B2E /* VirtualTourist.app */,
			);
			name = Products;
			sourceTree = "<group>";
		};
		6D733F481CBC526F00518B2E /* VirtualTourist */ = {
			isa = PBXGroup;
			children = (
				6D733F7E1CBC844300518B2E /* Flickr */,
				6D733F491CBC526F00518B2E /* AppDelegate.swift */,
				6D733F4B1CBC526F00518B2E /* MapViewController.swift */,
				6D733F851CBC859700518B2E /* CoreDataStackManager.swift */,
				6D733F4D1CBC526F00518B2E /* Main.storyboard */,
				6D733F7B1CBC751800518B2E /* Model.xcdatamodeld */,
				6D733F501CBC526F00518B2E /* Assets.xcassets */,
				6D733F521CBC526F00518B2E /* LaunchScreen.storyboard */,
				6D733F551CBC526F00518B2E /* Info.plist */,
			);
			path = VirtualTourist;
			sourceTree = "<group>";
		};
		6D733F7E1CBC844300518B2E /* Flickr */ = {
			isa = PBXGroup;
			children = (
				6D733F7F1CBC845E00518B2E /* Location.swift */,
				6D733F811CBC846A00518B2E /* Picture.swift */,
				6D733F831CBC847300518B2E /* Constants.swift */,
				6D733F871CBC8ACF00518B2E /* Flickr.swift */,
			);
			name = Flickr;
			sourceTree = "<group>";
		};
/* End PBXGroup section */

/* Begin PBXNativeTarget section */
		6D733F451CBC526F00518B2E /* VirtualTourist */ = {
			isa = PBXNativeTarget;
			buildConfigurationList = 6D733F581CBC526F00518B2E /* Build configuration list for PBXNativeTarget "VirtualTourist" */;
			buildPhases = (
				6D733F421CBC526F00518B2E /* Sources */,
				6D733F431CBC526F00518B2E /* Frameworks */,
				6D733F441CBC526F00518B2E /* Resources */,
			);
			buildRules = (
			);
			dependencies = (
			);
			name = VirtualTourist;
			productName = VirtualTourist;
			productReference = 6D733F461CBC526F00518B2E /* VirtualTourist.app */;
			productType = "com.apple.product-type.application";
		};
/* End PBXNativeTarget section */

/* Begin PBXProject section */
		6D733F3E1CBC526F00518B2E /* Project object */ = {
			isa = PBXProject;
			attributes = {
				LastSwiftUpdateCheck = 0730;
				LastUpgradeCheck = 0730;
				ORGANIZATIONNAME = "Jacqueline Sloves";
				TargetAttributes = {
					6D733F451CBC526F00518B2E = {
						CreatedOnToolsVersion = 7.3;
						SystemCapabilities = {
							com.apple.Maps.iOS = {
								enabled = 1;
							};
						};
					};
				};
			};
			buildConfigurationList = 6D733F411CBC526F00518B2E /* Build configuration list for PBXProject "VirtualTourist" */;
			compatibilityVersion = "Xcode 3.2";
			developmentRegion = English;
			hasScannedForEncodings = 0;
			knownRegions = (
				en,
				Base,
			);
			mainGroup = 6D733F3D1CBC526F00518B2E;
			productRefGroup = 6D733F471CBC526F00518B2E /* Products */;
			projectDirPath = "";
			projectRoot = "";
			targets = (
				6D733F451CBC526F00518B2E /* VirtualTourist */,
			);
		};
/* End PBXProject section */

/* Begin PBXResourcesBuildPhase section */
		6D733F441CBC526F00518B2E /* Resources */ = {
			isa = PBXResourcesBuildPhase;
			buildActionMask = 2147483647;
			files = (
				6D733F541CBC526F00518B2E /* LaunchScreen.storyboard in Resources */,
				6D733F511CBC526F00518B2E /* Assets.xcassets in Resources */,
				6D733F4F1CBC526F00518B2E /* Main.storyboard in Resources */,
			);
			runOnlyForDeploymentPostprocessing = 0;
		};
/* End PBXResourcesBuildPhase section */

/* Begin PBXSourcesBuildPhase section */
		6D733F421CBC526F00518B2E /* Sources */ = {
			isa = PBXSourcesBuildPhase;
			buildActionMask = 2147483647;
			files = (
				6D733F4C1CBC526F00518B2E /* MapViewController.swift in Sources */,
				6D733F821CBC846A00518B2E /* Picture.swift in Sources */,
				6D733F881CBC8ACF00518B2E /* Flickr.swift in Sources */,
				6D733F4A1CBC526F00518B2E /* AppDelegate.swift in Sources */,
				6D733F861CBC859700518B2E /* CoreDataStackManager.swift in Sources */,
				6D733F801CBC845E00518B2E /* Location.swift in Sources */,
				6D733F7D1CBC751800518B2E /* Model.xcdatamodeld in Sources */,
				6D733F841CBC847300518B2E /* Constants.swift in Sources */,
			);
			runOnlyForDeploymentPostprocessing = 0;
		};
/* End PBXSourcesBuildPhase section */

/* Begin PBXVariantGroup section */
		6D733F4D1CBC526F00518B2E /* Main.storyboard */ = {
			isa = PBXVariantGroup;
			children = (
				6D733F4E1CBC526F00518B2E /* Base */,
			);
			name = Main.storyboard;
			sourceTree = "<group>";
		};
		6D733F521CBC526F00518B2E /* LaunchScreen.storyboard */ = {
			isa = PBXVariantGroup;
			children = (
				6D733F531CBC526F00518B2E /* Base */,
			);
			name = LaunchScreen.storyboard;
			sourceTree = "<group>";
		};
/* End PBXVariantGroup section */

/* Begin XCBuildConfiguration section */
		6D733F561CBC526F00518B2E /* Debug */ = {
			isa = XCBuildConfiguration;
			buildSettings = {
				ALWAYS_SEARCH_USER_PATHS = NO;
				CLANG_ANALYZER_NONNULL = YES;
				CLANG_CXX_LANGUAGE_STANDARD = "gnu++0x";
				CLANG_CXX_LIBRARY = "libc++";
				CLANG_ENABLE_MODULES = YES;
				CLANG_ENABLE_OBJC_ARC = YES;
				CLANG_WARN_BOOL_CONVERSION = YES;
				CLANG_WARN_CONSTANT_CONVERSION = YES;
				CLANG_WARN_DIRECT_OBJC_ISA_USAGE = YES_ERROR;
				CLANG_WARN_EMPTY_BODY = YES;
				CLANG_WARN_ENUM_CONVERSION = YES;
				CLANG_WARN_INT_CONVERSION = YES;
				CLANG_WARN_OBJC_ROOT_CLASS = YES_ERROR;
				CLANG_WARN_UNREACHABLE_CODE = YES;
				CLANG_WARN__DUPLICATE_METHOD_MATCH = YES;
				"CODE_SIGN_IDENTITY[sdk=iphoneos*]" = "iPhone Developer";
				COPY_PHASE_STRIP = NO;
				DEBUG_INFORMATION_FORMAT = dwarf;
				ENABLE_STRICT_OBJC_MSGSEND = YES;
				ENABLE_TESTABILITY = YES;
				GCC_C_LANGUAGE_STANDARD = gnu99;
				GCC_DYNAMIC_NO_PIC = NO;
				GCC_NO_COMMON_BLOCKS = YES;
				GCC_OPTIMIZATION_LEVEL = 0;
				GCC_PREPROCESSOR_DEFINITIONS = (
					"DEBUG=1",
					"$(inherited)",
				);
				GCC_WARN_64_TO_32_BIT_CONVERSION = YES;
				GCC_WARN_ABOUT_RETURN_TYPE = YES_ERROR;
				GCC_WARN_UNDECLARED_SELECTOR = YES;
				GCC_WARN_UNINITIALIZED_AUTOS = YES_AGGRESSIVE;
				GCC_WARN_UNUSED_FUNCTION = YES;
				GCC_WARN_UNUSED_VARIABLE = YES;
				IPHONEOS_DEPLOYMENT_TARGET = 9.3;
				MTL_ENABLE_DEBUG_INFO = YES;
				ONLY_ACTIVE_ARCH = YES;
				SDKROOT = iphoneos;
				SWIFT_OPTIMIZATION_LEVEL = "-Onone";
				TARGETED_DEVICE_FAMILY = "1,2";
			};
			name = Debug;
		};
		6D733F571CBC526F00518B2E /* Release */ = {
			isa = XCBuildConfiguration;
			buildSettings = {
				ALWAYS_SEARCH_USER_PATHS = NO;
				CLANG_ANALYZER_NONNULL = YES;
				CLANG_CXX_LANGUAGE_STANDARD = "gnu++0x";
				CLANG_CXX_LIBRARY = "libc++";
				CLANG_ENABLE_MODULES = YES;
				CLANG_ENABLE_OBJC_ARC = YES;
				CLANG_WARN_BOOL_CONVERSION = YES;
				CLANG_WARN_CONSTANT_CONVERSION = YES;
				CLANG_WARN_DIRECT_OBJC_ISA_USAGE = YES_ERROR;
				CLANG_WARN_EMPTY_BODY = YES;
				CLANG_WARN_ENUM_CONVERSION = YES;
				CLANG_WARN_INT_CONVERSION = YES;
				CLANG_WARN_OBJC_ROOT_CLASS = YES_ERROR;
				CLANG_WARN_UNREACHABLE_CODE = YES;
				CLANG_WARN__DUPLICATE_METHOD_MATCH = YES;
				"CODE_SIGN_IDENTITY[sdk=iphoneos*]" = "iPhone Developer";
				COPY_PHASE_STRIP = NO;
				DEBUG_INFORMATION_FORMAT = "dwarf-with-dsym";
				ENABLE_NS_ASSERTIONS = NO;
				ENABLE_STRICT_OBJC_MSGSEND = YES;
				GCC_C_LANGUAGE_STANDARD = gnu99;
				GCC_NO_COMMON_BLOCKS = YES;
				GCC_WARN_64_TO_32_BIT_CONVERSION = YES;
				GCC_WARN_ABOUT_RETURN_TYPE = YES_ERROR;
				GCC_WARN_UNDECLARED_SELECTOR = YES;
				GCC_WARN_UNINITIALIZED_AUTOS = YES_AGGRESSIVE;
				GCC_WARN_UNUSED_FUNCTION = YES;
				GCC_WARN_UNUSED_VARIABLE = YES;
				IPHONEOS_DEPLOYMENT_TARGET = 9.3;
				MTL_ENABLE_DEBUG_INFO = NO;
				SDKROOT = iphoneos;
				TARGETED_DEVICE_FAMILY = "1,2";
				VALIDATE_PRODUCT = YES;
			};
			name = Release;
		};
		6D733F591CBC526F00518B2E /* Debug */ = {
			isa = XCBuildConfiguration;
			buildSettings = {
				ASSETCATALOG_COMPILER_APPICON_NAME = AppIcon;
				INFOPLIST_FILE = VirtualTourist/Info.plist;
				LD_RUNPATH_SEARCH_PATHS = "$(inherited) @executable_path/Frameworks";
				PRODUCT_BUNDLE_IDENTIFIER = com.jsloves.VirtualTourist;
				PRODUCT_NAME = "$(TARGET_NAME)";
			};
			name = Debug;
		};
		6D733F5A1CBC526F00518B2E /* Release */ = {
			isa = XCBuildConfiguration;
			buildSettings = {
				ASSETCATALOG_COMPILER_APPICON_NAME = AppIcon;
				INFOPLIST_FILE = VirtualTourist/Info.plist;
				LD_RUNPATH_SEARCH_PATHS = "$(inherited) @executable_path/Frameworks";
				PRODUCT_BUNDLE_IDENTIFIER = com.jsloves.VirtualTourist;
				PRODUCT_NAME = "$(TARGET_NAME)";
			};
			name = Release;
		};
/* End XCBuildConfiguration section */

/* Begin XCConfigurationList section */
		6D733F411CBC526F00518B2E /* Build configuration list for PBXProject "VirtualTourist" */ = {
			isa = XCConfigurationList;
			buildConfigurations = (
				6D733F561CBC526F00518B2E /* Debug */,
				6D733F571CBC526F00518B2E /* Release */,
			);
			defaultConfigurationIsVisible = 0;
			defaultConfigurationName = Release;
		};
		6D733F581CBC526F00518B2E /* Build configuration list for PBXNativeTarget "VirtualTourist" */ = {
			isa = XCConfigurationList;
			buildConfigurations = (
				6D733F591CBC526F00518B2E /* Debug */,
				6D733F5A1CBC526F00518B2E /* Release */,
			);
			defaultConfigurationIsVisible = 0;
			defaultConfigurationName = Release;
		};
/* End XCConfigurationList section */

/* Begin XCVersionGroup section */
		6D733F7B1CBC751800518B2E /* Model.xcdatamodeld */ = {
			isa = XCVersionGroup;
			children = (
				6D733F7C1CBC751800518B2E /* Model.xcdatamodel */,
			);
			currentVersion = 6D733F7C1CBC751800518B2E /* Model.xcdatamodel */;
			path = Model.xcdatamodeld;
			sourceTree = "<group>";
			versionGroupType = wrapper.xcdatamodel;
		};
/* End XCVersionGroup section */
	};
	rootObject = 6D733F3E1CBC526F00518B2E /* Project object */;
}
